// !$*UTF8*$!
{
	archiveVersion = 1;
	classes = {
	};
	objectVersion = 46;
	objects = {

/* Begin PBXBuildFile section */
		AEAE3B361C6E88B600406833 /* AppDelegate.swift in Sources */ = {isa = PBXBuildFile; fileRef = AEAE3B351C6E88B600406833 /* AppDelegate.swift */; };
		AEAE3B381C6E88B600406833 /* ViewController.swift in Sources */ = {isa = PBXBuildFile; fileRef = AEAE3B371C6E88B600406833 /* ViewController.swift */; };
		AEAE3B3B1C6E88B600406833 /* Main.storyboard in Resources */ = {isa = PBXBuildFile; fileRef = AEAE3B391C6E88B600406833 /* Main.storyboard */; };
		AEAE3B3D1C6E88B600406833 /* Assets.xcassets in Resources */ = {isa = PBXBuildFile; fileRef = AEAE3B3C1C6E88B600406833 /* Assets.xcassets */; };
		AEAE3B401C6E88B600406833 /* LaunchScreen.storyboard in Resources */ = {isa = PBXBuildFile; fileRef = AEAE3B3E1C6E88B600406833 /* LaunchScreen.storyboard */; };
/* End PBXBuildFile section */

/* Begin PBXFileReference section */
		AEAE3B321C6E88B500406833 /* theplug.app */ = {isa = PBXFileReference; explicitFileType = wrapper.application; includeInIndex = 0; path = theplug.app; sourceTree = BUILT_PRODUCTS_DIR; };
		AEAE3B351C6E88B600406833 /* AppDelegate.swift */ = {isa = PBXFileReference; lastKnownFileType = sourcecode.swift; path = AppDelegate.swift; sourceTree = "<group>"; };
		AEAE3B371C6E88B600406833 /* ViewController.swift */ = {isa = PBXFileReference; lastKnownFileType = sourcecode.swift; path = ViewController.swift; sourceTree = "<group>"; };
		AEAE3B3A1C6E88B600406833 /* Base */ = {isa = PBXFileReference; lastKnownFileType = file.storyboard; name = Base; path = Base.lproj/Main.storyboard; sourceTree = "<group>"; };
		AEAE3B3C1C6E88B600406833 /* Assets.xcassets */ = {isa = PBXFileReference; lastKnownFileType = folder.assetcatalog; path = Assets.xcassets; sourceTree = "<group>"; };
		AEAE3B3F1C6E88B600406833 /* Base */ = {isa = PBXFileReference; lastKnownFileType = file.storyboard; name = Base; path = Base.lproj/LaunchScreen.storyboard; sourceTree = "<group>"; };
		AEAE3B411C6E88B600406833 /* Info.plist */ = {isa = PBXFileReference; lastKnownFileType = text.plist.xml; path = Info.plist; sourceTree = "<group>"; };
/* End PBXFileReference section */

/* Begin PBXFrameworksBuildPhase section */
		AEAE3B2F1C6E88B500406833 /* Frameworks */ = {
			isa = PBXFrameworksBuildPhase;
			buildActionMask = 2147483647;
			files = (
			);
			runOnlyForDeploymentPostprocessing = 0;
		};
/* End PBXFrameworksBuildPhase section */

/* Begin PBXGroup section */
		AEAE3B291C6E88B500406833 = {
			isa = PBXGroup;
			children = (
				AEAE3B341C6E88B500406833 /* theplug */,
				AEAE3B331C6E88B500406833 /* Products */,
			);
			sourceTree = "<group>";
		};
		AEAE3B331C6E88B500406833 /* Products */ = {
			isa = PBXGroup;
			children = (
				AEAE3B321C6E88B500406833 /* theplug.app */,
			);
			name = Products;
			sourceTree = "<group>";
		};
		AEAE3B341C6E88B500406833 /* theplug */ = {
			isa = PBXGroup;
			children = (
				AEAE3B471C6E890300406833 /* mainfiles */,
				AEAE3B391C6E88B600406833 /* Main.storyboard */,
				AEAE3B3C1C6E88B600406833 /* Assets.xcassets */,
				AEAE3B3E1C6E88B600406833 /* LaunchScreen.storyboard */,
				AEAE3B411C6E88B600406833 /* Info.plist */,
			);
			path = theplug;
			sourceTree = "<group>";
		};
		AEAE3B471C6E890300406833 /* mainfiles */ = {
			isa = PBXGroup;
			children = (
				AEAE3B351C6E88B600406833 /* AppDelegate.swift */,
				AEAE3B371C6E88B600406833 /* ViewController.swift */,
			);
			name = mainfiles;
			sourceTree = "<group>";
		};
/* End PBXGroup section */

/* Begin PBXNativeTarget section */
		AEAE3B311C6E88B500406833 /* theplug */ = {
			isa = PBXNativeTarget;
			buildConfigurationList = AEAE3B441C6E88B600406833 /* Build configuration list for PBXNativeTarget "theplug" */;
			buildPhases = (
				AEAE3B2E1C6E88B500406833 /* Sources */,
				AEAE3B2F1C6E88B500406833 /* Frameworks */,
				AEAE3B301C6E88B500406833 /* Resources */,
			);
			buildRules = (
			);
			dependencies = (
			);
			name = theplug;
			productName = theplug;
			productReference = AEAE3B321C6E88B500406833 /* theplug.app */;
			productType = "com.apple.product-type.application";
		};
/* End PBXNativeTarget section */

/* Begin PBXProject section */
		AEAE3B2A1C6E88B500406833 /* Project object */ = {
			isa = PBXProject;
			attributes = {
				LastSwiftUpdateCheck = 0720;
				LastUpgradeCheck = 0720;
				ORGANIZATIONNAME = theplug;
				TargetAttributes = {
					AEAE3B311C6E88B500406833 = {
						CreatedOnToolsVersion = 7.2;
					};
				};
			};
			buildConfigurationList = AEAE3B2D1C6E88B500406833 /* Build configuration list for PBXProject "theplug" */;
			compatibilityVersion = "Xcode 3.2";
			developmentRegion = English;
			hasScannedForEncodings = 0;
			knownRegions = (
				en,
				Base,
			);
			mainGroup = AEAE3B291C6E88B500406833;
			productRefGroup = AEAE3B331C6E88B500406833 /* Products */;
			projectDirPath = "";
			projectRoot = "";
			targets = (
				AEAE3B311C6E88B500406833 /* theplug */,
			);
		};
/* End PBXProject section */

/* Begin PBXResourcesBuildPhase section */
		AEAE3B301C6E88B500406833 /* Resources */ = {
			isa = PBXResourcesBuildPhase;
			buildActionMask = 2147483647;
			files = (
				AEAE3B401C6E88B600406833 /* LaunchScreen.storyboard in Resources */,
				AEAE3B3D1C6E88B600406833 /* Assets.xcassets in Resources */,
				AEAE3B3B1C6E88B600406833 /* Main.storyboard in Resources */,
			);
			runOnlyForDeploymentPostprocessing = 0;
		};
/* End PBXResourcesBuildPhase section */

/* Begin PBXSourcesBuildPhase section */
		AEAE3B2E1C6E88B500406833 /* Sources */ = {
			isa = PBXSourcesBuildPhase;
			buildActionMask = 2147483647;
			files = (
				AEAE3B381C6E88B600406833 /* ViewController.swift in Sources */,
				AEAE3B361C6E88B600406833 /* AppDelegate.swift in Sources */,
			);
			runOnlyForDeploymentPostprocessing = 0;
		};
/* End PBXSourcesBuildPhase section */

/* Begin PBXVariantGroup section */
		AEAE3B391C6E88B600406833 /* Main.storyboard */ = {
			isa = PBXVariantGroup;
			children = (
				AEAE3B3A1C6E88B600406833 /* Base */,
			);
			name = Main.storyboard;
			sourceTree = "<group>";
		};
		AEAE3B3E1C6E88B600406833 /* LaunchScreen.storyboard */ = {
			isa = PBXVariantGroup;
			children = (
				AEAE3B3F1C6E88B600406833 /* Base */,
			);
			name = LaunchScreen.storyboard;
			sourceTree = "<group>";
		};
/* End PBXVariantGroup section */

/* Begin XCBuildConfiguration section */
		AEAE3B421C6E88B600406833 /* Debug */ = {
			isa = XCBuildConfiguration;
			buildSettings = {
				ALWAYS_SEARCH_USER_PATHS = NO;
				CLANG_CXX_LANGUAGE_STANDARD = "gnu++0x";
				CLANG_CXX_LIBRARY = "libc++";
				CLANG_ENABLE_MODULES = YES;
				CLANG_ENABLE_OBJC_ARC = YES;
				CLANG_WARN_BOOL_CONVERSION = YES;
				CLANG_WARN_CONSTANT_CONVERSION = YES;
				CLANG_WARN_DIRECT_OBJC_ISA_USAGE = YES_ERROR;
				CLANG_WARN_EMPTY_BODY = YES;
				CLANG_WARN_ENUM_CONVERSION = YES;
				CLANG_WARN_INT_CONVERSION = YES;
				CLANG_WARN_OBJC_ROOT_CLASS = YES_ERROR;
				CLANG_WARN_UNREACHABLE_CODE = YES;
				CLANG_WARN__DUPLICATE_METHOD_MATCH = YES;
				"CODE_SIGN_IDENTITY[sdk=iphoneos*]" = "iPhone Developer";
				COPY_PHASE_STRIP = NO;
				DEBUG_INFORMATION_FORMAT = dwarf;
				ENABLE_STRICT_OBJC_MSGSEND = YES;
				ENABLE_TESTABILITY = YES;
				GCC_C_LANGUAGE_STANDARD = gnu99;
				GCC_DYNAMIC_NO_PIC = NO;
				GCC_NO_COMMON_BLOCKS = YES;
				GCC_OPTIMIZATION_LEVEL = 0;
				GCC_PREPROCESSOR_DEFINITIONS = (
					"DEBUG=1",
					"$(inherited)",
				);
				GCC_WARN_64_TO_32_BIT_CONVERSION = YES;
				GCC_WARN_ABOUT_RETURN_TYPE = YES_ERROR;
				GCC_WARN_UNDECLARED_SELECTOR = YES;
				GCC_WARN_UNINITIALIZED_AUTOS = YES_AGGRESSIVE;
				GCC_WARN_UNUSED_FUNCTION = YES;
				GCC_WARN_UNUSED_VARIABLE = YES;
				IPHONEOS_DEPLOYMENT_TARGET = 9.2;
				MTL_ENABLE_DEBUG_INFO = YES;
				ONLY_ACTIVE_ARCH = YES;
				SDKROOT = iphoneos;
				SWIFT_OPTIMIZATION_LEVEL = "-Onone";
			};
			name = Debug;
		};
		AEAE3B431C6E88B600406833 /* Release */ = {
			isa = XCBuildConfiguration;
			buildSettings = {
				ALWAYS_SEARCH_USER_PATHS = NO;
				CLANG_CXX_LANGUAGE_STANDARD = "gnu++0x";
				CLANG_CXX_LIBRARY = "libc++";
				CLANG_ENABLE_MODULES = YES;
				CLANG_ENABLE_OBJC_ARC = YES;
				CLANG_WARN_BOOL_CONVERSION = YES;
				CLANG_WARN_CONSTANT_CONVERSION = YES;
				CLANG_WARN_DIRECT_OBJC_ISA_USAGE = YES_ERROR;
				CLANG_WARN_EMPTY_BODY = YES;
				CLANG_WARN_ENUM_CONVERSION = YES;
				CLANG_WARN_INT_CONVERSION = YES;
				CLANG_WARN_OBJC_ROOT_CLASS = YES_ERROR;
				CLANG_WARN_UNREACHABLE_CODE = YES;
				CLANG_WARN__DUPLICATE_METHOD_MATCH = YES;
				"CODE_SIGN_IDENTITY[sdk=iphoneos*]" = "iPhone Developer";
				COPY_PHASE_STRIP = NO;
				DEBUG_INFORMATION_FORMAT = "dwarf-with-dsym";
				ENABLE_NS_ASSERTIONS = NO;
				ENABLE_STRICT_OBJC_MSGSEND = YES;
				GCC_C_LANGUAGE_STANDARD = gnu99;
				GCC_NO_COMMON_BLOCKS = YES;
				GCC_WARN_64_TO_32_BIT_CONVERSION = YES;
				GCC_WARN_ABOUT_RETURN_TYPE = YES_ERROR;
				GCC_WARN_UNDECLARED_SELECTOR = YES;
				GCC_WARN_UNINITIALIZED_AUTOS = YES_AGGRESSIVE;
				GCC_WARN_UNUSED_FUNCTION = YES;
				GCC_WARN_UNUSED_VARIABLE = YES;
				IPHONEOS_DEPLOYMENT_TARGET = 9.2;
				MTL_ENABLE_DEBUG_INFO = NO;
				SDKROOT = iphoneos;
				VALIDATE_PRODUCT = YES;
			};
			name = Release;
		};
		AEAE3B451C6E88B600406833 /* Debug */ = {
			isa = XCBuildConfiguration;
			buildSettings = {
				ASSETCATALOG_COMPILER_APPICON_NAME = AppIcon;
				CODE_SIGN_IDENTITY = "iPhone Developer";
				INFOPLIST_FILE = theplug/Info.plist;
				LD_RUNPATH_SEARCH_PATHS = "$(inherited) @executable_path/Frameworks";
				PRODUCT_BUNDLE_IDENTIFIER = theplug.theplug;
				PRODUCT_NAME = "$(TARGET_NAME)";
			};
			name = Debug;
		};
		AEAE3B461C6E88B600406833 /* Release */ = {
			isa = XCBuildConfiguration;
			buildSettings = {
				ASSETCATALOG_COMPILER_APPICON_NAME = AppIcon;
				CODE_SIGN_IDENTITY = "iPhone Developer";
				INFOPLIST_FILE = theplug/Info.plist;
				LD_RUNPATH_SEARCH_PATHS = "$(inherited) @executable_path/Frameworks";
				PRODUCT_BUNDLE_IDENTIFIER = theplug.theplug;
				PRODUCT_NAME = "$(TARGET_NAME)";
			};
			name = Release;
		};
/* End XCBuildConfiguration section */

/* Begin XCConfigurationList section */
		AEAE3B2D1C6E88B500406833 /* Build configuration list for PBXProject "theplug" */ = {
			isa = XCConfigurationList;
			buildConfigurations = (
				AEAE3B421C6E88B600406833 /* Debug */,
				AEAE3B431C6E88B600406833 /* Release */,
			);
			defaultConfigurationIsVisible = 0;
			defaultConfigurationName = Release;
		};
		AEAE3B441C6E88B600406833 /* Build configuration list for PBXNativeTarget "theplug" */ = {
			isa = XCConfigurationList;
			buildConfigurations = (
				AEAE3B451C6E88B600406833 /* Debug */,
				AEAE3B461C6E88B600406833 /* Release */,
			);
			defaultConfigurationIsVisible = 0;
			defaultConfigurationName = Release;
		};
/* End XCConfigurationList section */
	};
	rootObject = AEAE3B2A1C6E88B500406833 /* Project object */;
}
